{
  "version": 4,
  "terraform_version": "0.12.24",
  "serial": 13,
  "lineage": "06683752-f9c3-2557-115a-129b28d69ec5",
  "outputs": {},
  "resources": [
    {
      "mode": "data",
      "type": "template_file",
      "name": "bootstrap",
      "provider": "provider.template",
      "instances": [
        {
          "schema_version": 0,
          "attributes": {
            "filename": null,
            "id": "9e50c67d4aef87a382fe5fcb06a5f0bfcf09e09bbd4fa63aa8ccdb861307b5f5",
            "rendered": "#!/bin/bash\n\nserver {\n    listen 80;\n\n    #server_name pact-broker.local;\n\n    #auth_basic \"Restricted Access\";\n    #auth_basic_user_file /etc/nginx/htpasswd.users;\n\n    location / {\n        proxy_pass http://localhost:8080;\n        proxy_http_version 1.1;\n        proxy_set_header Upgrade $http_upgrade;\n        proxy_set_header Connection 'upgrade';\n        proxy_set_header Host $host;\n        proxy_cache_bypass $http_upgrade;\n    }\n}\n \u003e /etc/nginx.conf \n",
            "template": "#!/bin/bash\n\n${nginx} \u003e /etc/nginx.conf \n",
            "vars": {
              "nginx": "server {\n    listen 80;\n\n    #server_name pact-broker.local;\n\n    #auth_basic \"Restricted Access\";\n    #auth_basic_user_file /etc/nginx/htpasswd.users;\n\n    location / {\n        proxy_pass http://localhost:8080;\n        proxy_http_version 1.1;\n        proxy_set_header Upgrade $http_upgrade;\n        proxy_set_header Connection 'upgrade';\n        proxy_set_header Host $host;\n        proxy_cache_bypass $http_upgrade;\n    }\n}\n"
            }
          }
        }
      ]
    },
    {
      "mode": "managed",
      "type": "aws_eip",
      "name": "lb",
      "provider": "provider.aws",
      "instances": [
        {
          "schema_version": 0,
          "attributes": {
            "allocation_id": null,
            "associate_with_private_ip": null,
            "association_id": "eipassoc-00ed6e0e6fdc24200",
            "customer_owned_ip": "",
            "customer_owned_ipv4_pool": "",
            "domain": "vpc",
            "id": "eipalloc-08d78b783ef7e0aa4",
            "instance": "i-093d4399e325202e6",
            "network_interface": "eni-044924b8cb382c97a",
            "private_dns": "ip-172-31-36-199.us-east-2.compute.internal",
            "private_ip": "172.31.36.199",
            "public_dns": "ec2-18-220-115-226.us-east-2.compute.amazonaws.com",
            "public_ip": "18.220.115.226",
            "public_ipv4_pool": "amazon",
            "tags": null,
            "timeouts": null,
            "vpc": true
          },
          "private": "eyJlMmJmYjczMC1lY2FhLTExZTYtOGY4OC0zNDM2M2JjN2M0YzAiOnsiZGVsZXRlIjoxODAwMDAwMDAwMDAsInJlYWQiOjkwMDAwMDAwMDAwMCwidXBkYXRlIjozMDAwMDAwMDAwMDB9fQ==",
          "dependencies": [
            "aws_instance.server",
            "aws_security_group.pact-broker"
          ]
        }
      ]
    },
    {
      "mode": "managed",
      "type": "aws_instance",
      "name": "server",
      "provider": "provider.aws",
      "instances": [
        {
          "schema_version": 1,
          "attributes": {
            "ami": "ami-083ebc5a49573896a",
            "arn": "arn:aws:ec2:us-east-2:651868950963:instance/i-093d4399e325202e6",
            "associate_public_ip_address": true,
            "availability_zone": "us-east-2c",
            "cpu_core_count": 1,
            "cpu_threads_per_core": 1,
            "credit_specification": [
              {
                "cpu_credits": "standard"
              }
            ],
            "disable_api_termination": false,
            "ebs_block_device": [],
            "ebs_optimized": false,
            "ephemeral_block_device": [],
            "get_password_data": false,
            "hibernation": false,
            "host_id": null,
            "iam_instance_profile": "",
            "id": "i-093d4399e325202e6",
            "instance_initiated_shutdown_behavior": null,
            "instance_state": "running",
            "instance_type": "t2.micro",
            "ipv6_address_count": 0,
            "ipv6_addresses": [],
            "key_name": "",
            "metadata_options": [
              {
                "http_endpoint": "enabled",
                "http_put_response_hop_limit": 1,
                "http_tokens": "optional"
              }
            ],
            "monitoring": false,
            "network_interface": [],
            "network_interface_id": null,
            "outpost_arn": "",
            "password_data": "",
            "placement_group": "",
            "primary_network_interface_id": "eni-044924b8cb382c97a",
            "private_dns": "ip-172-31-36-199.us-east-2.compute.internal",
            "private_ip": "172.31.36.199",
            "public_dns": "ec2-18-222-180-64.us-east-2.compute.amazonaws.com",
            "public_ip": "18.222.180.64",
            "root_block_device": [
              {
                "delete_on_termination": true,
                "device_name": "/dev/xvda",
                "encrypted": false,
                "iops": 100,
                "kms_key_id": "",
                "volume_id": "vol-093ae1463eaf8c06c",
                "volume_size": 8,
                "volume_type": "gp2"
              }
            ],
            "security_groups": [
              "pact-broker"
            ],
            "source_dest_check": true,
            "subnet_id": "subnet-57c9541b",
            "tags": null,
            "tenancy": "default",
            "timeouts": null,
            "user_data": "220cd2444a0092e3073b16ae4f1c57ea59a92643",
            "user_data_base64": null,
            "volume_tags": {},
            "vpc_security_group_ids": [
              "sg-07586ed1684ef1a9b"
            ]
          },
          "private": "eyJlMmJmYjczMC1lY2FhLTExZTYtOGY4OC0zNDM2M2JjN2M0YzAiOnsiY3JlYXRlIjo2MDAwMDAwMDAwMDAsImRlbGV0ZSI6MTIwMDAwMDAwMDAwMCwidXBkYXRlIjo2MDAwMDAwMDAwMDB9LCJzY2hlbWFfdmVyc2lvbiI6IjEifQ==",
          "dependencies": [
            "aws_security_group.pact-broker"
          ]
        }
      ]
    },
    {
      "mode": "managed",
      "type": "aws_security_group",
      "name": "pact-broker",
      "provider": "provider.aws",
      "instances": [
        {
          "schema_version": 1,
          "attributes": {
            "arn": "arn:aws:ec2:us-east-2:651868950963:security-group/sg-07586ed1684ef1a9b",
            "description": "pact broker ui and ssh",
            "egress": [
              {
                "cidr_blocks": [
                  "0.0.0.0/0"
                ],
                "description": "",
                "from_port": 0,
                "ipv6_cidr_blocks": [],
                "prefix_list_ids": [],
                "protocol": "-1",
                "security_groups": [],
                "self": false,
                "to_port": 0
              }
            ],
            "id": "sg-07586ed1684ef1a9b",
            "ingress": [
              {
                "cidr_blocks": [
                  "0.0.0.0/0"
                ],
                "description": "",
                "from_port": 22,
                "ipv6_cidr_blocks": [],
                "prefix_list_ids": [],
                "protocol": "tcp",
                "security_groups": [],
                "self": false,
                "to_port": 22
              },
              {
                "cidr_blocks": [
                  "0.0.0.0/0"
                ],
                "description": "",
                "from_port": 80,
                "ipv6_cidr_blocks": [],
                "prefix_list_ids": [],
                "protocol": "tcp",
                "security_groups": [],
                "self": false,
                "to_port": 80
              }
            ],
            "name": "pact-broker",
            "name_prefix": null,
            "owner_id": "651868950963",
            "revoke_rules_on_delete": false,
            "tags": null,
            "timeouts": null,
            "vpc_id": "vpc-00fa2e6b"
          },
          "private": "eyJlMmJmYjczMC1lY2FhLTExZTYtOGY4OC0zNDM2M2JjN2M0YzAiOnsiY3JlYXRlIjo2MDAwMDAwMDAwMDAsImRlbGV0ZSI6NjAwMDAwMDAwMDAwfSwic2NoZW1hX3ZlcnNpb24iOiIxIn0="
        }
      ]
    }
  ]
}
